
Microsoft Visual Studio Solution File, Format Version 12.00
# Visual Studio Version 17
VisualStudioVersion = 17.0.31903.59
MinimumVisualStudioVersion = 10.0.40219.1
Project("{FAE04EC0-301F-11D3-BF4B-00C04F79EFBC}") = "Midgar.Application", "Midgar.Application\Midgar.Application.csproj", "{1AD75202-464B-4768-A315-6AA6BF371D1A}"
EndProject
Project("{FAE04EC0-301F-11D3-BF4B-00C04F79EFBC}") = "Midgar.Domain", "Midgar.Domain\Midgar.Domain.csproj", "{5AE37347-9411-446B-923B-27E82D68BE83}"
EndProject
Project("{FAE04EC0-301F-11D3-BF4B-00C04F79EFBC}") = "Midgar.Persistence", "Midgar.Persistence\Midgar.Persistence.csproj", "{437F2F72-9862-4BCF-AD46-1145DA94D5D8}"
EndProject
Project("{FAE04EC0-301F-11D3-BF4B-00C04F79EFBC}") = "Midgar.API", "Midgar.API\Midgar.API.csproj", "{D623B12E-8332-4DA2-9E83-163BFC3BA08A}"
EndProject
Global
	GlobalSection(SolutionConfigurationPlatforms) = preSolution
		Debug|Any CPU = Debug|Any CPU
		Release|Any CPU = Release|Any CPU
	EndGlobalSection
	GlobalSection(SolutionProperties) = preSolution
		HideSolutionNode = FALSE
	EndGlobalSection
	GlobalSection(ProjectConfigurationPlatforms) = postSolution
		{1AD75202-464B-4768-A315-6AA6BF371D1A}.Debug|Any CPU.ActiveCfg = Debug|Any CPU
		{1AD75202-464B-4768-A315-6AA6BF371D1A}.Debug|Any CPU.Build.0 = Debug|Any CPU
		{1AD75202-464B-4768-A315-6AA6BF371D1A}.Release|Any CPU.ActiveCfg = Release|Any CPU
		{1AD75202-464B-4768-A315-6AA6BF371D1A}.Release|Any CPU.Build.0 = Release|Any CPU
		{5AE37347-9411-446B-923B-27E82D68BE83}.Debug|Any CPU.ActiveCfg = Debug|Any CPU
		{5AE37347-9411-446B-923B-27E82D68BE83}.Debug|Any CPU.Build.0 = Debug|Any CPU
		{5AE37347-9411-446B-923B-27E82D68BE83}.Release|Any CPU.ActiveCfg = Release|Any CPU
		{5AE37347-9411-446B-923B-27E82D68BE83}.Release|Any CPU.Build.0 = Release|Any CPU
		{437F2F72-9862-4BCF-AD46-1145DA94D5D8}.Debug|Any CPU.ActiveCfg = Debug|Any CPU
		{437F2F72-9862-4BCF-AD46-1145DA94D5D8}.Debug|Any CPU.Build.0 = Debug|Any CPU
		{437F2F72-9862-4BCF-AD46-1145DA94D5D8}.Release|Any CPU.ActiveCfg = Release|Any CPU
		{437F2F72-9862-4BCF-AD46-1145DA94D5D8}.Release|Any CPU.Build.0 = Release|Any CPU
		{D623B12E-8332-4DA2-9E83-163BFC3BA08A}.Debug|Any CPU.ActiveCfg = Debug|Any CPU
		{D623B12E-8332-4DA2-9E83-163BFC3BA08A}.Debug|Any CPU.Build.0 = Debug|Any CPU
		{D623B12E-8332-4DA2-9E83-163BFC3BA08A}.Release|Any CPU.ActiveCfg = Release|Any CPU
		{D623B12E-8332-4DA2-9E83-163BFC3BA08A}.Release|Any CPU.Build.0 = Release|Any CPU
	EndGlobalSection
EndGlobal
